<Solution>
  <Folder Name="/AppServer/">
    <Project Path="AppServer/FileRepositories/FileRepositories.csproj" />
    <Project Path="AppServer/RepositoryContracts/RepositoryContracts.csproj" />
    <Project Path="AppServer/WebAPI/WebAPI.csproj" />
  </Folder>
  <Folder Name="/BlazorClient/">
    <Project Path="BlazorClient/BlazorApp/BlazorApp.csproj" />
  </Folder>
  <Folder Name="/Shared/">
    <Project Path="Shared/DTOs/DTOs.csproj" />
    <Project Path="Shared/Entities/Entities.csproj" />
  </Folder>
</Solution>
